{
  "originHash" : "2aeebb7034b70d30222a2b47febf6ce7a893ed5a6def2b5dacca33750eb6b997",
  "pins" : [
    {
      "identity" : "id3tageditor",
      "kind" : "remoteSourceControl",
      "location" : "https://github.com/chicio/ID3TagEditor.git",
      "state" : {
        "revision" : "64f5667df0e779f2f02a08b7084b0cb5bd83ce61",
        "version" : "5.2.0"
      }
    }
  ],
  "version" : 3
}
