{
  "originHash" : "981836bcc191b817bc5669b38dd44980a9b143255329d217c1a6a557fa6617b9",
  "pins" : [
    {
      "identity" : "gcdwebserver",
      "kind" : "remoteSourceControl",
      "location" : "https://github.com/yene/GCDWebServer.git",
      "state" : {
        "revision" : "c2f837b30038ef716b77225f40cc8d104b6ff645",
        "version" : "3.5.7"
      }
    },
    {
      "identity" : "id3tageditor",
      "kind" : "remoteSourceControl",
      "location" : "https://github.com/chicio/ID3TagEditor.git",
      "state" : {
        "revision" : "64f5667df0e779f2f02a08b7084b0cb5bd83ce61",
        "version" : "5.2.0"
      }
    }
  ],
  "version" : 3
}
